
Microsoft Visual Studio Solution File, Format Version 12.00
# Visual Studio Version 16
VisualStudioVersion = 16.0.32802.440
MinimumVisualStudioVersion = 10.0.40219.1
Project("{FAE04EC0-301F-11D3-BF4B-00C04F79EFBC}") = "RegionManagerError_Showcase.Desktop", "RegionManagerError_Showcase.Desktop\RegionManagerError_Showcase.Desktop.csproj", "{A3FAF983-3F94-48EE-A01A-FB5966645194}"
EndProject
Global
	GlobalSection(SolutionConfigurationPlatforms) = preSolution
		Debug|Any CPU = Debug|Any CPU
		Release|Any CPU = Release|Any CPU
	EndGlobalSection
	GlobalSection(ProjectConfigurationPlatforms) = postSolution
		{A3FAF983-3F94-48EE-A01A-FB5966645194}.Debug|Any CPU.ActiveCfg = Debug|Any CPU
		{A3FAF983-3F94-48EE-A01A-FB5966645194}.Debug|Any CPU.Build.0 = Debug|Any CPU
		{A3FAF983-3F94-48EE-A01A-FB5966645194}.Release|Any CPU.ActiveCfg = Release|Any CPU
		{A3FAF983-3F94-48EE-A01A-FB5966645194}.Release|Any CPU.Build.0 = Release|Any CPU
	EndGlobalSection
	GlobalSection(SolutionProperties) = preSolution
		HideSolutionNode = FALSE
	EndGlobalSection
	GlobalSection(ExtensibilityGlobals) = postSolution
		SolutionGuid = {184AAFD8-36B2-474F-9E82-C4989F70E2BC}
	EndGlobalSection
EndGlobal
